{
    "_readme": [
        "This file locks the dependencies of your project to a known state",
        "Read more about it at https://getcomposer.org/doc/01-basic-usage.md#installing-dependencies",
        "This file is @generated automatically"
    ],
    "content-hash": "a7e9ed417a3975b617d0e0fd79f7d8e4",
    "packages": [
        {
            "name": "php-clean-arch/value-object",
            "version": "0.2.0",
            "source": {
                "type": "git",
                "url": "https://github.com/php-clean-arch/value-object.git",
                "reference": "e93aa903515c5e17816c96325f43d59805fd864c"
            },
            "dist": {
                "type": "zip",
                "url": "https://api.github.com/repos/php-clean-arch/value-object/zipball/e93aa903515c5e17816c96325f43d59805fd864c",
                "reference": "e93aa903515c5e17816c96325f43d59805fd864c",
                "shasum": ""
            },
            "require": {
                "php": ">=7.0"
            },
            "type": "library",
            "autoload": {
                "psr-4": {
                    "PhpCleanArch\\ValueObjects\\": "src/"
                }
            },
            "notification-url": "https://packagist.org/downloads/",
            "authors": [
                {
                    "name": "Adrien Cuisse",
                    "email": "adrien.cuisse@epitech.eu"
                }
            ],
            "description": "Provides the behaviour to expect from a value-object",
            "support": {
                "issues": "https://github.com/php-clean-arch/value-object/issues",
                "source": "https://github.com/php-clean-arch/value-object/tree/0.2"
            },
            "time": "2021-12-10T21:22:27+00:00"
        }
    ],
    "packages-dev": [],
    "aliases": [],
    "minimum-stability": "stable",
    "stability-flags": [],
    "prefer-stable": false,
    "prefer-lowest": false,
    "platform": {
        "php": ">=8.0"
    },
    "platform-dev": [],
    "plugin-api-version": "2.1.0"
}
